# THIS IS AN AUTOGENERATED FILE. DO NOT EDIT THIS FILE DIRECTLY.
# yarn lockfile v1


pixelmatch@^4.0.2:
  version "4.0.2"
  resolved "http://10.143.52.194:4873/pixelmatch/-/pixelmatch-4.0.2.tgz#8f47dcec5011b477b67db03c243bc1f3085e8854"
  dependencies:
    pngjs "^3.0.0"

pngjs@^3.0.0, pngjs@^3.3.0:
  version "3.3.0"
  resolved "http://10.143.52.194:4873/pngjs/-/pngjs-3.3.0.tgz#1f5730c189c94933b81beda2ab2f8e2855263a8f"
