# THIS IS AN AUTOGENERATED FILE. DO NOT EDIT THIS FILE DIRECTLY.
# yarn lockfile v1


array-iterate@^1.0.0:
  version "1.1.2"
  resolved "https://registry.yarnpkg.com/array-iterate/-/array-iterate-1.1.2.tgz#f66a57e84426f8097f4197fbb6c051b8e5cdf7d8"

bail@^1.0.0:
  version "1.0.3"
  resolved "https://registry.yarnpkg.com/bail/-/bail-1.0.3.tgz#63cfb9ddbac829b02a3128cd53224be78e6c21a3"

extend@^3.0.0:
  version "3.0.1"
  resolved "https://registry.yarnpkg.com/extend/-/extend-3.0.1.tgz#a755ea7bc1adfcc5a31ce7e762dbaadc5e636444"

inherits@^2.0.1:
  version "2.0.3"
  resolved "https://registry.yarnpkg.com/inherits/-/inherits-2.0.3.tgz#633c2c83e3da42a502f52466022480f4208261de"

is-buffer@^1.1.4:
  version "1.1.6"
  resolved "https://registry.yarnpkg.com/is-buffer/-/is-buffer-1.1.6.tgz#efaa2ea9daa0d7ab2ea13a97b2b8ad51fefbe8be"

is-plain-obj@^1.1.0:
  version "1.1.0"
  resolved "https://registry.yarnpkg.com/is-plain-obj/-/is-plain-obj-1.1.0.tgz#71a50c8429dfca773c92a390a4a03b39fcd51d3e"

nan@~2.10.0:
  version "2.10.0"
  resolved "https://registry.yarnpkg.com/nan/-/nan-2.10.0.tgz#96d0cd610ebd58d4b4de9cc0c6828cda99c7548f"

nlcst-to-string@^2.0.0:
  version "2.0.2"
  resolved "https://registry.yarnpkg.com/nlcst-to-string/-/nlcst-to-string-2.0.2.tgz#7125af4d4d369850c697192a658f01f36af9937b"

node-rake@^1.0.1:
  version "1.0.1"
  resolved "https://registry.yarnpkg.com/node-rake/-/node-rake-1.0.1.tgz#b294fb8f7e28b9bb16a327c7290b0eb69e13932c"

nodejieba@^2.2.6:
  version "2.2.6"
  resolved "https://registry.yarnpkg.com/nodejieba/-/nodejieba-2.2.6.tgz#17cd416705b7b01c062e6cd9d7179b30453eb4a3"
  dependencies:
    nan "~2.10.0"

parse-latin@^4.0.0:
  version "4.1.1"
  resolved "https://registry.yarnpkg.com/parse-latin/-/parse-latin-4.1.1.tgz#3a3edef405b2d5dce417b7157d3d8a5c7cdfab1d"
  dependencies:
    nlcst-to-string "^2.0.0"
    unist-util-modify-children "^1.0.0"
    unist-util-visit-children "^1.0.0"

pos@^0.4.2:
  version "0.4.2"
  resolved "https://registry.yarnpkg.com/pos/-/pos-0.4.2.tgz#20e9c77fbeedcc356823cea63c7585cace93be2a"

replace-ext@1.0.0:
  version "1.0.0"
  resolved "https://registry.yarnpkg.com/replace-ext/-/replace-ext-1.0.0.tgz#de63128373fcbf7c3ccfa4de5a480c45a67958eb"

retext-keywords@^4.0.1:
  version "4.0.1"
  resolved "https://registry.yarnpkg.com/retext-keywords/-/retext-keywords-4.0.1.tgz#bffb3c2c85cccfe9e50fab35a461bba887d3f928"
  dependencies:
    nlcst-to-string "^2.0.0"
    retext-pos "^2.0.0"
    stemmer "^1.0.0"
    unist-util-visit "^1.0.0"

retext-latin@^2.0.0:
  version "2.0.0"
  resolved "https://registry.yarnpkg.com/retext-latin/-/retext-latin-2.0.0.tgz#b11bd6cae9113fa6293022a4527cd707221ac4b6"
  dependencies:
    parse-latin "^4.0.0"
    unherit "^1.0.4"

retext-pos@^2.0.0:
  version "2.0.0"
  resolved "https://registry.yarnpkg.com/retext-pos/-/retext-pos-2.0.0.tgz#84399b6adc2e608c7152a3324d43619abf626477"
  dependencies:
    nlcst-to-string "^2.0.0"
    pos "^0.4.2"
    unist-util-visit "^1.0.0"

retext-stringify@^2.0.0:
  version "2.0.0"
  resolved "https://registry.yarnpkg.com/retext-stringify/-/retext-stringify-2.0.0.tgz#00238facc5491f5bcdc589703a4658db2e54415b"
  dependencies:
    nlcst-to-string "^2.0.0"

retext@^5.0.0:
  version "5.0.0"
  resolved "https://registry.yarnpkg.com/retext/-/retext-5.0.0.tgz#5d9018c4a677d6103c142362d76f50eb1d398bf6"
  dependencies:
    retext-latin "^2.0.0"
    retext-stringify "^2.0.0"
    unified "^6.0.0"

stemmer@^1.0.0:
  version "1.0.2"
  resolved "https://registry.yarnpkg.com/stemmer/-/stemmer-1.0.2.tgz#1dafd2a03d3503536f3e1532da78fbee229e0024"

trough@^1.0.0:
  version "1.0.2"
  resolved "https://registry.yarnpkg.com/trough/-/trough-1.0.2.tgz#7f1663ec55c480139e2de5e486c6aef6cc24a535"

unherit@^1.0.4:
  version "1.1.1"
  resolved "https://registry.yarnpkg.com/unherit/-/unherit-1.1.1.tgz#132748da3e88eab767e08fabfbb89c5e9d28628c"
  dependencies:
    inherits "^2.0.1"
    xtend "^4.0.1"

unified@^6.0.0:
  version "6.2.0"
  resolved "https://registry.yarnpkg.com/unified/-/unified-6.2.0.tgz#7fbd630f719126d67d40c644b7e3f617035f6dba"
  dependencies:
    bail "^1.0.0"
    extend "^3.0.0"
    is-plain-obj "^1.1.0"
    trough "^1.0.0"
    vfile "^2.0.0"
    x-is-string "^0.1.0"

unist-util-is@^2.1.1:
  version "2.1.2"
  resolved "https://registry.yarnpkg.com/unist-util-is/-/unist-util-is-2.1.2.tgz#1193fa8f2bfbbb82150633f3a8d2eb9a1c1d55db"

unist-util-modify-children@^1.0.0:
  version "1.1.2"
  resolved "https://registry.yarnpkg.com/unist-util-modify-children/-/unist-util-modify-children-1.1.2.tgz#c7f1b91712554ee59c47a05b551ed3e052a4e2d1"
  dependencies:
    array-iterate "^1.0.0"

unist-util-stringify-position@^1.0.0, unist-util-stringify-position@^1.1.1:
  version "1.1.2"
  resolved "https://registry.yarnpkg.com/unist-util-stringify-position/-/unist-util-stringify-position-1.1.2.tgz#3f37fcf351279dcbca7480ab5889bb8a832ee1c6"

unist-util-visit-children@^1.0.0:
  version "1.1.2"
  resolved "https://registry.yarnpkg.com/unist-util-visit-children/-/unist-util-visit-children-1.1.2.tgz#bd78b53db9644b9c339ac502854f15471f964f5b"

unist-util-visit@^1.0.0:
  version "1.3.1"
  resolved "https://registry.yarnpkg.com/unist-util-visit/-/unist-util-visit-1.3.1.tgz#c019ac9337a62486be58531bc27e7499ae7d55c7"
  dependencies:
    unist-util-is "^2.1.1"

vfile-message@^1.0.0:
  version "1.0.1"
  resolved "https://registry.yarnpkg.com/vfile-message/-/vfile-message-1.0.1.tgz#51a2ccd8a6b97a7980bb34efb9ebde9632e93677"
  dependencies:
    unist-util-stringify-position "^1.1.1"

vfile@^2.0.0:
  version "2.3.0"
  resolved "https://registry.yarnpkg.com/vfile/-/vfile-2.3.0.tgz#e62d8e72b20e83c324bc6c67278ee272488bf84a"
  dependencies:
    is-buffer "^1.1.4"
    replace-ext "1.0.0"
    unist-util-stringify-position "^1.0.0"
    vfile-message "^1.0.0"

x-is-string@^0.1.0:
  version "0.1.0"
  resolved "https://registry.yarnpkg.com/x-is-string/-/x-is-string-0.1.0.tgz#474b50865af3a49a9c4657f05acd145458f77d82"

xtend@^4.0.1:
  version "4.0.1"
  resolved "https://registry.yarnpkg.com/xtend/-/xtend-4.0.1.tgz#a5c6d532be656e23db820efb943a1f04998d63af"
